{
    "name": "bm-thing-transformer",
    "version": "2.1.6",
    "lockfileVersion": 3,
    "requires": true,
    "packages": {
        "": {
            "name": "bm-thing-transformer",
            "version": "2.1.6",
            "license": "MIT",
            "dependencies": {
                "typescript": "5.4.5",
                "typescriptwebpacksupport": "^2.4.0",
                "xml2js": "^0.6.2"
            },
            "devDependencies": {
                "@microsoft/tsdoc": "^0.14.2",
                "@types/node": "^20.10.6"
            }
        },
        "node_modules/@microsoft/tsdoc": {
            "version": "0.14.2",
            "resolved": "https://registry.npmjs.org/@microsoft/tsdoc/-/tsdoc-0.14.2.tgz",
            "integrity": "sha512-9b8mPpKrfeGRuhFH5iO1iwCLeIIsV6+H1sRfxbkoGXIyQE2BTsPd9zqSqQJ+pv5sJ/hT5M1zvOFL02MnEezFug==",
            "dev": true
        },
        "node_modules/@types/node": {
            "version": "20.10.6",
            "resolved": "https://registry.npmjs.org/@types/node/-/node-20.10.6.tgz",
            "integrity": "sha512-Vac8H+NlRNNlAmDfGUP7b5h/KA+AtWIzuXy0E6OyP8f1tCLYAtPvKRRDJjAPqhpCb0t6U2j7/xqAuLEebW2kiw==",
            "dev": true,
            "dependencies": {
                "undici-types": "~5.26.4"
            }
        },
        "node_modules/sax": {
            "version": "1.2.4",
            "resolved": "https://registry.npmjs.org/sax/-/sax-1.2.4.tgz",
            "integrity": "sha512-NqVDv9TpANUjFm0N8uM5GxL36UgKi9/atZw+x7YFnQ8ckwFGKrl4xX4yWtrey3UJm5nP1kUbnYgLopqWNSRhWw=="
        },
        "node_modules/typescript": {
            "version": "5.4.5",
            "resolved": "https://registry.npmjs.org/typescript/-/typescript-5.4.5.tgz",
            "integrity": "sha512-vcI4UpRgg81oIRUFwR0WSIHKt11nJ7SAVlYNIu+QpqeyXP+gpQJy/Z4+F0aGxSE4MqwjyXvW/TzgkLAx2AGHwQ==",
            "bin": {
                "tsc": "bin/tsc",
                "tsserver": "bin/tsserver"
            },
            "engines": {
                "node": ">=14.17"
            }
        },
        "node_modules/typescriptwebpacksupport": {
            "version": "2.4.0",
            "resolved": "https://registry.npmjs.org/typescriptwebpacksupport/-/typescriptwebpacksupport-2.4.0.tgz",
            "integrity": "sha512-2SlBwlBME6F7nm6NRodC/2LhXpNMQNEzyCuif3i8zs7bKmyXoVRQakXtpbUwHjgGZU4nmu7m83c0QisGbTmYoA=="
        },
        "node_modules/undici-types": {
            "version": "5.26.5",
            "resolved": "https://registry.npmjs.org/undici-types/-/undici-types-5.26.5.tgz",
            "integrity": "sha512-JlCMO+ehdEIKqlFxk6IfVoAUVmgz7cU7zD/h9XZ0qzeosSHmUJVOzSQvvYSYWXkFXC+IfLKSIffhv0sVZup6pA==",
            "dev": true
        },
        "node_modules/xml2js": {
            "version": "0.6.2",
            "resolved": "https://registry.npmjs.org/xml2js/-/xml2js-0.6.2.tgz",
            "integrity": "sha512-T4rieHaC1EXcES0Kxxj4JWgaUQHDk+qwHcYOCFHfiwKz7tOVPLq7Hjq9dM1WCMhylqMEfP7hMcOIChvotiZegA==",
            "dependencies": {
                "sax": ">=0.6.0",
                "xmlbuilder": "~11.0.0"
            },
            "engines": {
                "node": ">=4.0.0"
            }
        },
        "node_modules/xmlbuilder": {
            "version": "11.0.1",
            "resolved": "https://registry.npmjs.org/xmlbuilder/-/xmlbuilder-11.0.1.tgz",
            "integrity": "sha512-fDlsI/kFEx7gLvbecc0/ohLG50fugQp8ryHzMTuW9vSa1GJ0XYWKnhsUx7oie3G98+r56aTQIUB4kht42R3JvA==",
            "engines": {
                "node": ">=4.0"
            }
        }
    }
}
