{
    "name": "bm-thing-transformer",
    "version": "2.2.0",
    "lockfileVersion": 3,
    "requires": true,
    "packages": {
        "": {
            "name": "bm-thing-transformer",
            "version": "2.2.0",
            "license": "MIT",
            "dependencies": {
                "ts-clone-node": "^4.0.0",
                "typescript": "5.4.5",
                "typescriptwebpacksupport": "^2.4.0",
                "xml2js": "^0.6.2"
            },
            "devDependencies": {
                "@microsoft/tsdoc": "^0.14.2",
                "@types/node": "^22.14.1"
            }
        },
        "node_modules/@microsoft/tsdoc": {
            "version": "0.14.2",
            "resolved": "https://registry.npmjs.org/@microsoft/tsdoc/-/tsdoc-0.14.2.tgz",
            "integrity": "sha512-9b8mPpKrfeGRuhFH5iO1iwCLeIIsV6+H1sRfxbkoGXIyQE2BTsPd9zqSqQJ+pv5sJ/hT5M1zvOFL02MnEezFug==",
            "dev": true
        },
        "node_modules/@types/node": {
            "version": "22.14.1",
            "resolved": "https://registry.npmjs.org/@types/node/-/node-22.14.1.tgz",
            "integrity": "sha512-u0HuPQwe/dHrItgHHpmw3N2fYCR6x4ivMNbPHRkBVP4CvN+kiRrKHWk3i8tXiO/joPwXLMYvF9TTF0eqgHIuOw==",
            "dev": true,
            "license": "MIT",
            "dependencies": {
                "undici-types": "~6.21.0"
            }
        },
        "node_modules/compatfactory": {
            "version": "4.0.4",
            "resolved": "https://registry.npmjs.org/compatfactory/-/compatfactory-4.0.4.tgz",
            "integrity": "sha512-r2CkPUf5jiFWYBwpsn8bZlJeVsJhNPLlqDFEP5XVsqslyXLwz/fp71t+AaY37UQndJbGDVnXCg2WVety6KKxNw==",
            "license": "MIT",
            "dependencies": {
                "helpertypes": "^0.0.19"
            },
            "engines": {
                "node": ">=18.20.0"
            },
            "funding": {
                "type": "github",
                "url": "https://github.com/wessberg/compatfactory?sponsor=1"
            },
            "peerDependencies": {
                "typescript": ">=3.x || >= 4.x || >= 5.x"
            }
        },
        "node_modules/helpertypes": {
            "version": "0.0.19",
            "resolved": "https://registry.npmjs.org/helpertypes/-/helpertypes-0.0.19.tgz",
            "integrity": "sha512-J00e55zffgi3yVnUp0UdbMztNkr2PnizEkOe9URNohnrNhW5X0QpegkuLpOmFQInpi93Nb8MCjQRHAiCDF42NQ==",
            "license": "MIT",
            "engines": {
                "node": ">=10.0.0"
            }
        },
        "node_modules/sax": {
            "version": "1.2.4",
            "resolved": "https://registry.npmjs.org/sax/-/sax-1.2.4.tgz",
            "integrity": "sha512-NqVDv9TpANUjFm0N8uM5GxL36UgKi9/atZw+x7YFnQ8ckwFGKrl4xX4yWtrey3UJm5nP1kUbnYgLopqWNSRhWw=="
        },
        "node_modules/ts-clone-node": {
            "version": "4.0.0",
            "resolved": "https://registry.npmjs.org/ts-clone-node/-/ts-clone-node-4.0.0.tgz",
            "integrity": "sha512-dTnuw4SyCQyr6fJ/K/YG/3VjfETFqUkFH31kfEDc2DrmWwFYMR/xJIGNpbgktqpwKXdzBZftcnyapiAv65GKkw==",
            "license": "MIT",
            "dependencies": {
                "compatfactory": "^4.0.2"
            },
            "engines": {
                "node": ">=18.20.0"
            },
            "funding": {
                "type": "github",
                "url": "https://github.com/wessberg/ts-clone-node?sponsor=1"
            },
            "peerDependencies": {
                "typescript": "^3.x || ^4.x || ^5.x"
            }
        },
        "node_modules/typescript": {
            "version": "5.4.5",
            "resolved": "https://registry.npmjs.org/typescript/-/typescript-5.4.5.tgz",
            "integrity": "sha512-vcI4UpRgg81oIRUFwR0WSIHKt11nJ7SAVlYNIu+QpqeyXP+gpQJy/Z4+F0aGxSE4MqwjyXvW/TzgkLAx2AGHwQ==",
            "bin": {
                "tsc": "bin/tsc",
                "tsserver": "bin/tsserver"
            },
            "engines": {
                "node": ">=14.17"
            }
        },
        "node_modules/typescriptwebpacksupport": {
            "version": "2.4.0",
            "resolved": "https://registry.npmjs.org/typescriptwebpacksupport/-/typescriptwebpacksupport-2.4.0.tgz",
            "integrity": "sha512-2SlBwlBME6F7nm6NRodC/2LhXpNMQNEzyCuif3i8zs7bKmyXoVRQakXtpbUwHjgGZU4nmu7m83c0QisGbTmYoA=="
        },
        "node_modules/undici-types": {
            "version": "6.21.0",
            "resolved": "https://registry.npmjs.org/undici-types/-/undici-types-6.21.0.tgz",
            "integrity": "sha512-iwDZqg0QAGrg9Rav5H4n0M64c3mkR59cJ6wQp+7C4nI0gsmExaedaYLNO44eT4AtBBwjbTiGPMlt2Md0T9H9JQ==",
            "dev": true,
            "license": "MIT"
        },
        "node_modules/xml2js": {
            "version": "0.6.2",
            "resolved": "https://registry.npmjs.org/xml2js/-/xml2js-0.6.2.tgz",
            "integrity": "sha512-T4rieHaC1EXcES0Kxxj4JWgaUQHDk+qwHcYOCFHfiwKz7tOVPLq7Hjq9dM1WCMhylqMEfP7hMcOIChvotiZegA==",
            "dependencies": {
                "sax": ">=0.6.0",
                "xmlbuilder": "~11.0.0"
            },
            "engines": {
                "node": ">=4.0.0"
            }
        },
        "node_modules/xmlbuilder": {
            "version": "11.0.1",
            "resolved": "https://registry.npmjs.org/xmlbuilder/-/xmlbuilder-11.0.1.tgz",
            "integrity": "sha512-fDlsI/kFEx7gLvbecc0/ohLG50fugQp8ryHzMTuW9vSa1GJ0XYWKnhsUx7oie3G98+r56aTQIUB4kht42R3JvA==",
            "engines": {
                "node": ">=4.0"
            }
        }
    }
}
