{
    "name": "bm-thing-transformer",
    "version": "0.17.0-beta.1",
    "lockfileVersion": 2,
    "requires": true,
    "packages": {
        "": {
            "name": "bm-thing-transformer",
            "version": "0.17.0-beta.1",
            "license": "MIT",
            "devDependencies": {
                "@microsoft/tsdoc": "^0.12.19",
                "@types/node": "^8.10.11",
                "typescript": "4.3.4",
                "xml2js": "^0.4.23"
            }
        },
        "node_modules/@microsoft/tsdoc": {
            "version": "0.12.19",
            "resolved": "https://registry.npmjs.org/@microsoft/tsdoc/-/tsdoc-0.12.19.tgz",
            "integrity": "sha512-IpgPxHrNxZiMNUSXqR1l/gePKPkfAmIKoDRP9hp7OwjU29ZR8WCJsOJ8iBKgw0Qk+pFwR+8Y1cy8ImLY6e9m4A==",
            "dev": true
        },
        "node_modules/@types/node": {
            "version": "8.10.52",
            "resolved": "https://registry.npmjs.org/@types/node/-/node-8.10.52.tgz",
            "integrity": "sha512-2RbW7WXeLex6RI+kQSxq6Ym0GiVcODeQ4Km7MnnTX5BHdOGQnqVa+s6AUmAW+OFYAJ8wv9QxvNZXm7/kBdGTVw==",
            "dev": true
        },
        "node_modules/sax": {
            "version": "1.2.4",
            "resolved": "https://registry.npmjs.org/sax/-/sax-1.2.4.tgz",
            "integrity": "sha512-NqVDv9TpANUjFm0N8uM5GxL36UgKi9/atZw+x7YFnQ8ckwFGKrl4xX4yWtrey3UJm5nP1kUbnYgLopqWNSRhWw==",
            "dev": true
        },
        "node_modules/typescript": {
            "version": "4.3.4",
            "resolved": "https://registry.npmjs.org/typescript/-/typescript-4.3.4.tgz",
            "integrity": "sha512-uauPG7XZn9F/mo+7MrsRjyvbxFpzemRjKEZXS4AK83oP2KKOJPvb+9cO/gmnv8arWZvhnjVOXz7B49m1l0e9Ew==",
            "dev": true,
            "bin": {
                "tsc": "bin/tsc",
                "tsserver": "bin/tsserver"
            },
            "engines": {
                "node": ">=4.2.0"
            }
        },
        "node_modules/xml2js": {
            "version": "0.4.23",
            "resolved": "https://registry.npmjs.org/xml2js/-/xml2js-0.4.23.tgz",
            "integrity": "sha512-ySPiMjM0+pLDftHgXY4By0uswI3SPKLDw/i3UXbnO8M/p28zqexCUoPmQFrYD+/1BzhGJSs2i1ERWKJAtiLrug==",
            "dev": true,
            "dependencies": {
                "sax": ">=0.6.0",
                "xmlbuilder": "~11.0.0"
            },
            "engines": {
                "node": ">=4.0.0"
            }
        },
        "node_modules/xmlbuilder": {
            "version": "11.0.1",
            "resolved": "https://registry.npmjs.org/xmlbuilder/-/xmlbuilder-11.0.1.tgz",
            "integrity": "sha512-fDlsI/kFEx7gLvbecc0/ohLG50fugQp8ryHzMTuW9vSa1GJ0XYWKnhsUx7oie3G98+r56aTQIUB4kht42R3JvA==",
            "dev": true,
            "engines": {
                "node": ">=4.0"
            }
        }
    },
    "dependencies": {
        "@microsoft/tsdoc": {
            "version": "0.12.19",
            "resolved": "https://registry.npmjs.org/@microsoft/tsdoc/-/tsdoc-0.12.19.tgz",
            "integrity": "sha512-IpgPxHrNxZiMNUSXqR1l/gePKPkfAmIKoDRP9hp7OwjU29ZR8WCJsOJ8iBKgw0Qk+pFwR+8Y1cy8ImLY6e9m4A==",
            "dev": true
        },
        "@types/node": {
            "version": "8.10.52",
            "resolved": "https://registry.npmjs.org/@types/node/-/node-8.10.52.tgz",
            "integrity": "sha512-2RbW7WXeLex6RI+kQSxq6Ym0GiVcODeQ4Km7MnnTX5BHdOGQnqVa+s6AUmAW+OFYAJ8wv9QxvNZXm7/kBdGTVw==",
            "dev": true
        },
        "sax": {
            "version": "1.2.4",
            "resolved": "https://registry.npmjs.org/sax/-/sax-1.2.4.tgz",
            "integrity": "sha512-NqVDv9TpANUjFm0N8uM5GxL36UgKi9/atZw+x7YFnQ8ckwFGKrl4xX4yWtrey3UJm5nP1kUbnYgLopqWNSRhWw==",
            "dev": true
        },
        "typescript": {
            "version": "4.3.4",
            "resolved": "https://registry.npmjs.org/typescript/-/typescript-4.3.4.tgz",
            "integrity": "sha512-uauPG7XZn9F/mo+7MrsRjyvbxFpzemRjKEZXS4AK83oP2KKOJPvb+9cO/gmnv8arWZvhnjVOXz7B49m1l0e9Ew==",
            "dev": true
        },
        "xml2js": {
            "version": "0.4.23",
            "resolved": "https://registry.npmjs.org/xml2js/-/xml2js-0.4.23.tgz",
            "integrity": "sha512-ySPiMjM0+pLDftHgXY4By0uswI3SPKLDw/i3UXbnO8M/p28zqexCUoPmQFrYD+/1BzhGJSs2i1ERWKJAtiLrug==",
            "dev": true,
            "requires": {
                "sax": ">=0.6.0",
                "xmlbuilder": "~11.0.0"
            }
        },
        "xmlbuilder": {
            "version": "11.0.1",
            "resolved": "https://registry.npmjs.org/xmlbuilder/-/xmlbuilder-11.0.1.tgz",
            "integrity": "sha512-fDlsI/kFEx7gLvbecc0/ohLG50fugQp8ryHzMTuW9vSa1GJ0XYWKnhsUx7oie3G98+r56aTQIUB4kht42R3JvA==",
            "dev": true
        }
    }
}
